// !$*UTF8*$!
{
	archiveVersion = 1;
	classes = {
	};
	objectVersion = 46;
	objects = {

/* Begin PBXBuildFile section */
		3B97B65E1DFDA522003A8C74 /* AppDelegate.swift in Sources */ = {isa = PBXBuildFile; fileRef = 3B97B65D1DFDA522003A8C74 /* AppDelegate.swift */; };
		3B97B6601DFDA522003A8C74 /* ViewController.swift in Sources */ = {isa = PBXBuildFile; fileRef = 3B97B65F1DFDA522003A8C74 /* ViewController.swift */; };
		3B97B6621DFDA522003A8C74 /* Assets.xcassets in Resources */ = {isa = PBXBuildFile; fileRef = 3B97B6611DFDA522003A8C74 /* Assets.xcassets */; };
		3B97B6651DFDA522003A8C74 /* Main.storyboard in Resources */ = {isa = PBXBuildFile; fileRef = 3B97B6631DFDA522003A8C74 /* Main.storyboard */; };
		3B97B6701DFDA522003A8C74 /* HelloWorldTests.swift in Sources */ = {isa = PBXBuildFile; fileRef = 3B97B66F1DFDA522003A8C74 /* HelloWorldTests.swift */; };
		3B97B67B1DFDA522003A8C74 /* HelloWorldUITests.swift in Sources */ = {isa = PBXBuildFile; fileRef = 3B97B67A1DFDA522003A8C74 /* HelloWorldUITests.swift */; };
/* End PBXBuildFile section */

/* Begin PBXContainerItemProxy section */
		3B97B66C1DFDA522003A8C74 /* PBXContainerItemProxy */ = {
			isa = PBXContainerItemProxy;
			containerPortal = 3B97B6521DFDA522003A8C74 /* Project object */;
			proxyType = 1;
			remoteGlobalIDString = 3B97B6591DFDA522003A8C74;
			remoteInfo = HelloWorld;
		};
		3B97B6771DFDA522003A8C74 /* PBXContainerItemProxy */ = {
			isa = PBXContainerItemProxy;
			containerPortal = 3B97B6521DFDA522003A8C74 /* Project object */;
			proxyType = 1;
			remoteGlobalIDString = 3B97B6591DFDA522003A8C74;
			remoteInfo = HelloWorld;
		};
/* End PBXContainerItemProxy section */

/* Begin PBXFileReference section */
		3B97B65A1DFDA522003A8C74 /* HelloWorld.app */ = {isa = PBXFileReference; explicitFileType = wrapper.application; includeInIndex = 0; path = HelloWorld.app; sourceTree = BUILT_PRODUCTS_DIR; };
		3B97B65D1DFDA522003A8C74 /* AppDelegate.swift */ = {isa = PBXFileReference; lastKnownFileType = sourcecode.swift; path = AppDelegate.swift; sourceTree = "<group>"; };
		3B97B65F1DFDA522003A8C74 /* ViewController.swift */ = {isa = PBXFileReference; lastKnownFileType = sourcecode.swift; path = ViewController.swift; sourceTree = "<group>"; };
		3B97B6611DFDA522003A8C74 /* Assets.xcassets */ = {isa = PBXFileReference; lastKnownFileType = folder.assetcatalog; path = Assets.xcassets; sourceTree = "<group>"; };
		3B97B6641DFDA522003A8C74 /* Base */ = {isa = PBXFileReference; lastKnownFileType = file.storyboard; name = Base; path = Base.lproj/Main.storyboard; sourceTree = "<group>"; };
		3B97B6661DFDA522003A8C74 /* Info.plist */ = {isa = PBXFileReference; lastKnownFileType = text.plist.xml; path = Info.plist; sourceTree = "<group>"; };
		3B97B66B1DFDA522003A8C74 /* HelloWorldTests.xctest */ = {isa = PBXFileReference; explicitFileType = wrapper.cfbundle; includeInIndex = 0; path = HelloWorldTests.xctest; sourceTree = BUILT_PRODUCTS_DIR; };
		3B97B66F1DFDA522003A8C74 /* HelloWorldTests.swift */ = {isa = PBXFileReference; lastKnownFileType = sourcecode.swift; path = HelloWorldTests.swift; sourceTree = "<group>"; };
		3B97B6711DFDA522003A8C74 /* Info.plist */ = {isa = PBXFileReference; lastKnownFileType = text.plist.xml; path = Info.plist; sourceTree = "<group>"; };
		3B97B6761DFDA522003A8C74 /* HelloWorldUITests.xctest */ = {isa = PBXFileReference; explicitFileType = wrapper.cfbundle; includeInIndex = 0; path = HelloWorldUITests.xctest; sourceTree = BUILT_PRODUCTS_DIR; };
		3B97B67A1DFDA522003A8C74 /* HelloWorldUITests.swift */ = {isa = PBXFileReference; lastKnownFileType = sourcecode.swift; path = HelloWorldUITests.swift; sourceTree = "<group>"; };
		3B97B67C1DFDA522003A8C74 /* Info.plist */ = {isa = PBXFileReference; lastKnownFileType = text.plist.xml; path = Info.plist; sourceTree = "<group>"; };
/* End PBXFileReference section */

/* Begin PBXFrameworksBuildPhase section */
		3B97B6571DFDA522003A8C74 /* Frameworks */ = {
			isa = PBXFrameworksBuildPhase;
			buildActionMask = 2147483647;
			files = (
			);
			runOnlyForDeploymentPostprocessing = 0;
		};
		3B97B6681DFDA522003A8C74 /* Frameworks */ = {
			isa = PBXFrameworksBuildPhase;
			buildActionMask = 2147483647;
			files = (
			);
			runOnlyForDeploymentPostprocessing = 0;
		};
		3B97B6731DFDA522003A8C74 /* Frameworks */ = {
			isa = PBXFrameworksBuildPhase;
			buildActionMask = 2147483647;
			files = (
			);
			runOnlyForDeploymentPostprocessing = 0;
		};
/* End PBXFrameworksBuildPhase section */

/* Begin PBXGroup section */
		3B97B6511DFDA521003A8C74 = {
			isa = PBXGroup;
			children = (
				3B97B65C1DFDA522003A8C74 /* HelloWorld */,
				3B97B66E1DFDA522003A8C74 /* HelloWorldTests */,
				3B97B6791DFDA522003A8C74 /* HelloWorldUITests */,
				3B97B65B1DFDA522003A8C74 /* Products */,
			);
			sourceTree = "<group>";
		};
		3B97B65B1DFDA522003A8C74 /* Products */ = {
			isa = PBXGroup;
			children = (
				3B97B65A1DFDA522003A8C74 /* HelloWorld.app */,
				3B97B66B1DFDA522003A8C74 /* HelloWorldTests.xctest */,
				3B97B6761DFDA522003A8C74 /* HelloWorldUITests.xctest */,
			);
			name = Products;
			sourceTree = "<group>";
		};
		3B97B65C1DFDA522003A8C74 /* HelloWorld */ = {
			isa = PBXGroup;
			children = (
				3B97B65D1DFDA522003A8C74 /* AppDelegate.swift */,
				3B97B65F1DFDA522003A8C74 /* ViewController.swift */,
				3B97B6611DFDA522003A8C74 /* Assets.xcassets */,
				3B97B6631DFDA522003A8C74 /* Main.storyboard */,
				3B97B6661DFDA522003A8C74 /* Info.plist */,
			);
			path = HelloWorld;
			sourceTree = "<group>";
		};
		3B97B66E1DFDA522003A8C74 /* HelloWorldTests */ = {
			isa = PBXGroup;
			children = (
				3B97B66F1DFDA522003A8C74 /* HelloWorldTests.swift */,
				3B97B6711DFDA522003A8C74 /* Info.plist */,
			);
			path = HelloWorldTests;
			sourceTree = "<group>";
		};
		3B97B6791DFDA522003A8C74 /* HelloWorldUITests */ = {
			isa = PBXGroup;
			children = (
				3B97B67A1DFDA522003A8C74 /* HelloWorldUITests.swift */,
				3B97B67C1DFDA522003A8C74 /* Info.plist */,
			);
			path = HelloWorldUITests;
			sourceTree = "<group>";
		};
/* End PBXGroup section */

/* Begin PBXNativeTarget section */
		3B97B6591DFDA522003A8C74 /* HelloWorld */ = {
			isa = PBXNativeTarget;
			buildConfigurationList = 3B97B67F1DFDA522003A8C74 /* Build configuration list for PBXNativeTarget "HelloWorld" */;
			buildPhases = (
				3B97B6561DFDA522003A8C74 /* Sources */,
				3B97B6571DFDA522003A8C74 /* Frameworks */,
				3B97B6581DFDA522003A8C74 /* Resources */,
			);
			buildRules = (
			);
			dependencies = (
			);
			name = HelloWorld;
			productName = HelloWorld;
			productReference = 3B97B65A1DFDA522003A8C74 /* HelloWorld.app */;
			productType = "com.apple.product-type.application";
		};
		3B97B66A1DFDA522003A8C74 /* HelloWorldTests */ = {
			isa = PBXNativeTarget;
			buildConfigurationList = 3B97B6821DFDA522003A8C74 /* Build configuration list for PBXNativeTarget "HelloWorldTests" */;
			buildPhases = (
				3B97B6671DFDA522003A8C74 /* Sources */,
				3B97B6681DFDA522003A8C74 /* Frameworks */,
				3B97B6691DFDA522003A8C74 /* Resources */,
			);
			buildRules = (
			);
			dependencies = (
				3B97B66D1DFDA522003A8C74 /* PBXTargetDependency */,
			);
			name = HelloWorldTests;
			productName = HelloWorldTests;
			productReference = 3B97B66B1DFDA522003A8C74 /* HelloWorldTests.xctest */;
			productType = "com.apple.product-type.bundle.unit-test";
		};
		3B97B6751DFDA522003A8C74 /* HelloWorldUITests */ = {
			isa = PBXNativeTarget;
			buildConfigurationList = 3B97B6851DFDA522003A8C74 /* Build configuration list for PBXNativeTarget "HelloWorldUITests" */;
			buildPhases = (
				3B97B6721DFDA522003A8C74 /* Sources */,
				3B97B6731DFDA522003A8C74 /* Frameworks */,
				3B97B6741DFDA522003A8C74 /* Resources */,
			);
			buildRules = (
			);
			dependencies = (
				3B97B6781DFDA522003A8C74 /* PBXTargetDependency */,
			);
			name = HelloWorldUITests;
			productName = HelloWorldUITests;
			productReference = 3B97B6761DFDA522003A8C74 /* HelloWorldUITests.xctest */;
			productType = "com.apple.product-type.bundle.ui-testing";
		};
/* End PBXNativeTarget section */

/* Begin PBXProject section */
		3B97B6521DFDA522003A8C74 /* Project object */ = {
			isa = PBXProject;
			attributes = {
				LastSwiftUpdateCheck = 0730;
				LastUpgradeCheck = 0730;
				ORGANIZATIONNAME = "Issavara Polanun";
				TargetAttributes = {
					3B97B6591DFDA522003A8C74 = {
						CreatedOnToolsVersion = 7.3.1;
					};
					3B97B66A1DFDA522003A8C74 = {
						CreatedOnToolsVersion = 7.3.1;
						TestTargetID = 3B97B6591DFDA522003A8C74;
					};
					3B97B6751DFDA522003A8C74 = {
						CreatedOnToolsVersion = 7.3.1;
						TestTargetID = 3B97B6591DFDA522003A8C74;
					};
				};
			};
			buildConfigurationList = 3B97B6551DFDA522003A8C74 /* Build configuration list for PBXProject "HelloWorld" */;
			compatibilityVersion = "Xcode 3.2";
			developmentRegion = English;
			hasScannedForEncodings = 0;
			knownRegions = (
				en,
				Base,
			);
			mainGroup = 3B97B6511DFDA521003A8C74;
			productRefGroup = 3B97B65B1DFDA522003A8C74 /* Products */;
			projectDirPath = "";
			projectRoot = "";
			targets = (
				3B97B6591DFDA522003A8C74 /* HelloWorld */,
				3B97B66A1DFDA522003A8C74 /* HelloWorldTests */,
				3B97B6751DFDA522003A8C74 /* HelloWorldUITests */,
			);
		};
/* End PBXProject section */

/* Begin PBXResourcesBuildPhase section */
		3B97B6581DFDA522003A8C74 /* Resources */ = {
			isa = PBXResourcesBuildPhase;
			buildActionMask = 2147483647;
			files = (
				3B97B6621DFDA522003A8C74 /* Assets.xcassets in Resources */,
				3B97B6651DFDA522003A8C74 /* Main.storyboard in Resources */,
			);
			runOnlyForDeploymentPostprocessing = 0;
		};
		3B97B6691DFDA522003A8C74 /* Resources */ = {
			isa = PBXResourcesBuildPhase;
			buildActionMask = 2147483647;
			files = (
			);
			runOnlyForDeploymentPostprocessing = 0;
		};
		3B97B6741DFDA522003A8C74 /* Resources */ = {
			isa = PBXResourcesBuildPhase;
			buildActionMask = 2147483647;
			files = (
			);
			runOnlyForDeploymentPostprocessing = 0;
		};
/* End PBXResourcesBuildPhase section */

/* Begin PBXSourcesBuildPhase section */
		3B97B6561DFDA522003A8C74 /* Sources */ = {
			isa = PBXSourcesBuildPhase;
			buildActionMask = 2147483647;
			files = (
				3B97B6601DFDA522003A8C74 /* ViewController.swift in Sources */,
				3B97B65E1DFDA522003A8C74 /* AppDelegate.swift in Sources */,
			);
			runOnlyForDeploymentPostprocessing = 0;
		};
		3B97B6671DFDA522003A8C74 /* Sources */ = {
			isa = PBXSourcesBuildPhase;
			buildActionMask = 2147483647;
			files = (
				3B97B6701DFDA522003A8C74 /* HelloWorldTests.swift in Sources */,
			);
			runOnlyForDeploymentPostprocessing = 0;
		};
		3B97B6721DFDA522003A8C74 /* Sources */ = {
			isa = PBXSourcesBuildPhase;
			buildActionMask = 2147483647;
			files = (
				3B97B67B1DFDA522003A8C74 /* HelloWorldUITests.swift in Sources */,
			);
			runOnlyForDeploymentPostprocessing = 0;
		};
/* End PBXSourcesBuildPhase section */

/* Begin PBXTargetDependency section */
		3B97B66D1DFDA522003A8C74 /* PBXTargetDependency */ = {
			isa = PBXTargetDependency;
			target = 3B97B6591DFDA522003A8C74 /* HelloWorld */;
			targetProxy = 3B97B66C1DFDA522003A8C74 /* PBXContainerItemProxy */;
		};
		3B97B6781DFDA522003A8C74 /* PBXTargetDependency */ = {
			isa = PBXTargetDependency;
			target = 3B97B6591DFDA522003A8C74 /* HelloWorld */;
			targetProxy = 3B97B6771DFDA522003A8C74 /* PBXContainerItemProxy */;
		};
/* End PBXTargetDependency section */

/* Begin PBXVariantGroup section */
		3B97B6631DFDA522003A8C74 /* Main.storyboard */ = {
			isa = PBXVariantGroup;
			children = (
				3B97B6641DFDA522003A8C74 /* Base */,
			);
			name = Main.storyboard;
			sourceTree = "<group>";
		};
/* End PBXVariantGroup section */

/* Begin XCBuildConfiguration section */
		3B97B67D1DFDA522003A8C74 /* Debug */ = {
			isa = XCBuildConfiguration;
			buildSettings = {
				ALWAYS_SEARCH_USER_PATHS = NO;
				CLANG_ANALYZER_NONNULL = YES;
				CLANG_CXX_LANGUAGE_STANDARD = "gnu++0x";
				CLANG_CXX_LIBRARY = "libc++";
				CLANG_ENABLE_MODULES = YES;
				CLANG_ENABLE_OBJC_ARC = YES;
				CLANG_WARN_BOOL_CONVERSION = YES;
				CLANG_WARN_CONSTANT_CONVERSION = YES;
				CLANG_WARN_DIRECT_OBJC_ISA_USAGE = YES_ERROR;
				CLANG_WARN_EMPTY_BODY = YES;
				CLANG_WARN_ENUM_CONVERSION = YES;
				CLANG_WARN_INT_CONVERSION = YES;
				CLANG_WARN_OBJC_ROOT_CLASS = YES_ERROR;
				CLANG_WARN_UNREACHABLE_CODE = YES;
				CLANG_WARN__DUPLICATE_METHOD_MATCH = YES;
				CODE_SIGN_IDENTITY = "-";
				COPY_PHASE_STRIP = NO;
				DEBUG_INFORMATION_FORMAT = dwarf;
				ENABLE_STRICT_OBJC_MSGSEND = YES;
				ENABLE_TESTABILITY = YES;
				GCC_C_LANGUAGE_STANDARD = gnu99;
				GCC_DYNAMIC_NO_PIC = NO;
				GCC_NO_COMMON_BLOCKS = YES;
				GCC_OPTIMIZATION_LEVEL = 0;
				GCC_PREPROCESSOR_DEFINITIONS = (
					"DEBUG=1",
					"$(inherited)",
				);
				GCC_WARN_64_TO_32_BIT_CONVERSION = YES;
				GCC_WARN_ABOUT_RETURN_TYPE = YES_ERROR;
				GCC_WARN_UNDECLARED_SELECTOR = YES;
				GCC_WARN_UNINITIALIZED_AUTOS = YES_AGGRESSIVE;
				GCC_WARN_UNUSED_FUNCTION = YES;
				GCC_WARN_UNUSED_VARIABLE = YES;
				MACOSX_DEPLOYMENT_TARGET = 10.12;
				MTL_ENABLE_DEBUG_INFO = YES;
				ONLY_ACTIVE_ARCH = YES;
				SDKROOT = macosx;
				SWIFT_OPTIMIZATION_LEVEL = "-Onone";
			};
			name = Debug;
		};
		3B97B67E1DFDA522003A8C74 /* Release */ = {
			isa = XCBuildConfiguration;
			buildSettings = {
				ALWAYS_SEARCH_USER_PATHS = NO;
				CLANG_ANALYZER_NONNULL = YES;
				CLANG_CXX_LANGUAGE_STANDARD = "gnu++0x";
				CLANG_CXX_LIBRARY = "libc++";
				CLANG_ENABLE_MODULES = YES;
				CLANG_ENABLE_OBJC_ARC = YES;
				CLANG_WARN_BOOL_CONVERSION = YES;
				CLANG_WARN_CONSTANT_CONVERSION = YES;
				CLANG_WARN_DIRECT_OBJC_ISA_USAGE = YES_ERROR;
				CLANG_WARN_EMPTY_BODY = YES;
				CLANG_WARN_ENUM_CONVERSION = YES;
				CLANG_WARN_INT_CONVERSION = YES;
				CLANG_WARN_OBJC_ROOT_CLASS = YES_ERROR;
				CLANG_WARN_UNREACHABLE_CODE = YES;
				CLANG_WARN__DUPLICATE_METHOD_MATCH = YES;
				CODE_SIGN_IDENTITY = "-";
				COPY_PHASE_STRIP = NO;
				DEBUG_INFORMATION_FORMAT = "dwarf-with-dsym";
				ENABLE_NS_ASSERTIONS = NO;
				ENABLE_STRICT_OBJC_MSGSEND = YES;
				GCC_C_LANGUAGE_STANDARD = gnu99;
				GCC_NO_COMMON_BLOCKS = YES;
				GCC_WARN_64_TO_32_BIT_CONVERSION = YES;
				GCC_WARN_ABOUT_RETURN_TYPE = YES_ERROR;
				GCC_WARN_UNDECLARED_SELECTOR = YES;
				GCC_WARN_UNINITIALIZED_AUTOS = YES_AGGRESSIVE;
				GCC_WARN_UNUSED_FUNCTION = YES;
				GCC_WARN_UNUSED_VARIABLE = YES;
				MACOSX_DEPLOYMENT_TARGET = 10.12;
				MTL_ENABLE_DEBUG_INFO = NO;
				SDKROOT = macosx;
			};
			name = Release;
		};
		3B97B6801DFDA522003A8C74 /* Debug */ = {
			isa = XCBuildConfiguration;
			buildSettings = {
				ASSETCATALOG_COMPILER_APPICON_NAME = AppIcon;
				COMBINE_HIDPI_IMAGES = YES;
				INFOPLIST_FILE = HelloWorld/Info.plist;
				LD_RUNPATH_SEARCH_PATHS = "$(inherited) @executable_path/../Frameworks";
				MACOSX_DEPLOYMENT_TARGET = 10.11;
				PRODUCT_BUNDLE_IDENTIFIER = KimjeeProductions.Issavara.HelloWorld;
				PRODUCT_NAME = "$(TARGET_NAME)";
			};
			name = Debug;
		};
		3B97B6811DFDA522003A8C74 /* Release */ = {
			isa = XCBuildConfiguration;
			buildSettings = {
				ASSETCATALOG_COMPILER_APPICON_NAME = AppIcon;
				COMBINE_HIDPI_IMAGES = YES;
				INFOPLIST_FILE = HelloWorld/Info.plist;
				LD_RUNPATH_SEARCH_PATHS = "$(inherited) @executable_path/../Frameworks";
				MACOSX_DEPLOYMENT_TARGET = 10.11;
				PRODUCT_BUNDLE_IDENTIFIER = KimjeeProductions.Issavara.HelloWorld;
				PRODUCT_NAME = "$(TARGET_NAME)";
			};
			name = Release;
		};
		3B97B6831DFDA522003A8C74 /* Debug */ = {
			isa = XCBuildConfiguration;
			buildSettings = {
				BUNDLE_LOADER = "$(TEST_HOST)";
				COMBINE_HIDPI_IMAGES = YES;
				INFOPLIST_FILE = HelloWorldTests/Info.plist;
				LD_RUNPATH_SEARCH_PATHS = "$(inherited) @executable_path/../Frameworks @loader_path/../Frameworks";
				MACOSX_DEPLOYMENT_TARGET = 10.11;
				PRODUCT_BUNDLE_IDENTIFIER = KimjeeProductions.Issavara.HelloWorldTests;
				PRODUCT_NAME = "$(TARGET_NAME)";
				TEST_HOST = "$(BUILT_PRODUCTS_DIR)/HelloWorld.app/Contents/MacOS/HelloWorld";
			};
			name = Debug;
		};
		3B97B6841DFDA522003A8C74 /* Release */ = {
			isa = XCBuildConfiguration;
			buildSettings = {
				BUNDLE_LOADER = "$(TEST_HOST)";
				COMBINE_HIDPI_IMAGES = YES;
				INFOPLIST_FILE = HelloWorldTests/Info.plist;
				LD_RUNPATH_SEARCH_PATHS = "$(inherited) @executable_path/../Frameworks @loader_path/../Frameworks";
				MACOSX_DEPLOYMENT_TARGET = 10.11;
				PRODUCT_BUNDLE_IDENTIFIER = KimjeeProductions.Issavara.HelloWorldTests;
				PRODUCT_NAME = "$(TARGET_NAME)";
				TEST_HOST = "$(BUILT_PRODUCTS_DIR)/HelloWorld.app/Contents/MacOS/HelloWorld";
			};
			name = Release;
		};
		3B97B6861DFDA522003A8C74 /* Debug */ = {
			isa = XCBuildConfiguration;
			buildSettings = {
				COMBINE_HIDPI_IMAGES = YES;
				INFOPLIST_FILE = HelloWorldUITests/Info.plist;
				LD_RUNPATH_SEARCH_PATHS = "$(inherited) @executable_path/../Frameworks @loader_path/../Frameworks";
				MACOSX_DEPLOYMENT_TARGET = 10.11;
				PRODUCT_BUNDLE_IDENTIFIER = KimjeeProductions.Issavara.HelloWorldUITests;
				PRODUCT_NAME = "$(TARGET_NAME)";
				TEST_TARGET_NAME = HelloWorld;
			};
			name = Debug;
		};
		3B97B6871DFDA522003A8C74 /* Release */ = {
			isa = XCBuildConfiguration;
			buildSettings = {
				COMBINE_HIDPI_IMAGES = YES;
				INFOPLIST_FILE = HelloWorldUITests/Info.plist;
				LD_RUNPATH_SEARCH_PATHS = "$(inherited) @executable_path/../Frameworks @loader_path/../Frameworks";
				MACOSX_DEPLOYMENT_TARGET = 10.11;
				PRODUCT_BUNDLE_IDENTIFIER = KimjeeProductions.Issavara.HelloWorldUITests;
				PRODUCT_NAME = "$(TARGET_NAME)";
				TEST_TARGET_NAME = HelloWorld;
			};
			name = Release;
		};
/* End XCBuildConfiguration section */

/* Begin XCConfigurationList section */
		3B97B6551DFDA522003A8C74 /* Build configuration list for PBXProject "HelloWorld" */ = {
			isa = XCConfigurationList;
			buildConfigurations = (
				3B97B67D1DFDA522003A8C74 /* Debug */,
				3B97B67E1DFDA522003A8C74 /* Release */,
			);
			defaultConfigurationIsVisible = 0;
			defaultConfigurationName = Release;
		};
		3B97B67F1DFDA522003A8C74 /* Build configuration list for PBXNativeTarget "HelloWorld" */ = {
			isa = XCConfigurationList;
			buildConfigurations = (
				3B97B6801DFDA522003A8C74 /* Debug */,
				3B97B6811DFDA522003A8C74 /* Release */,
			);
			defaultConfigurationIsVisible = 0;
			defaultConfigurationName = Release;
		};
		3B97B6821DFDA522003A8C74 /* Build configuration list for PBXNativeTarget "HelloWorldTests" */ = {
			isa = XCConfigurationList;
			buildConfigurations = (
				3B97B6831DFDA522003A8C74 /* Debug */,
				3B97B6841DFDA522003A8C74 /* Release */,
			);
			defaultConfigurationIsVisible = 0;
			defaultConfigurationName = Release;
		};
		3B97B6851DFDA522003A8C74 /* Build configuration list for PBXNativeTarget "HelloWorldUITests" */ = {
			isa = XCConfigurationList;
			buildConfigurations = (
				3B97B6861DFDA522003A8C74 /* Debug */,
				3B97B6871DFDA522003A8C74 /* Release */,
			);
			defaultConfigurationIsVisible = 0;
			defaultConfigurationName = Release;
		};
/* End XCConfigurationList section */
	};
	rootObject = 3B97B6521DFDA522003A8C74 /* Project object */;
}
